
Microsoft Visual Studio Solution File, Format Version 12.00
# Visual Studio Version 16
VisualStudioVersion = 16.0.31624.102
MinimumVisualStudioVersion = 10.0.40219.1
Project("{FAE04EC0-301F-11D3-BF4B-00C04F79EFBC}") = "Login", "Login\Login.csproj", "{46924083-3E51-44F4-9C7B-27B5C828B671}"
EndProject
Global
	GlobalSection(SolutionConfigurationPlatforms) = preSolution
		Debug|Any CPU = Debug|Any CPU
		Release|Any CPU = Release|Any CPU
	EndGlobalSection
	GlobalSection(ProjectConfigurationPlatforms) = postSolution
		{46924083-3E51-44F4-9C7B-27B5C828B671}.Debug|Any CPU.ActiveCfg = Debug|Any CPU
		{46924083-3E51-44F4-9C7B-27B5C828B671}.Debug|Any CPU.Build.0 = Debug|Any CPU
		{46924083-3E51-44F4-9C7B-27B5C828B671}.Release|Any CPU.ActiveCfg = Release|Any CPU
		{46924083-3E51-44F4-9C7B-27B5C828B671}.Release|Any CPU.Build.0 = Release|Any CPU
	EndGlobalSection
	GlobalSection(SolutionProperties) = preSolution
		HideSolutionNode = FALSE
	EndGlobalSection
	GlobalSection(ExtensibilityGlobals) = postSolution
		SolutionGuid = {4942C68E-76DC-450F-8728-26A8DF20A0A8}
	EndGlobalSection
EndGlobal
